
Microsoft Visual Studio Solution File, Format Version 12.00
# Visual Studio 2012
Project("{FAE04EC0-301F-11D3-BF4B-00C04F79EFBC}") = "SqliteSample", "SqliteSample\SqliteSample.csproj", "{FBAFC5E2-E63D-47C2-B9FD-F54C997420BC}"
EndProject
Project("{FAE04EC0-301F-11D3-BF4B-00C04F79EFBC}") = "SqliteSample.UITests", "SqliteSample.UITests\SqliteSample.UITests.csproj", "{F2C3FA6C-2CF1-4905-A53E-F660D505212A}"
EndProject
Global
	GlobalSection(SolutionConfigurationPlatforms) = preSolution
		Debug|Any CPU = Debug|Any CPU
		Release|Any CPU = Release|Any CPU
	EndGlobalSection
	GlobalSection(ProjectConfigurationPlatforms) = postSolution
		{F2C3FA6C-2CF1-4905-A53E-F660D505212A}.Debug|Any CPU.ActiveCfg = Debug|Any CPU
		{F2C3FA6C-2CF1-4905-A53E-F660D505212A}.Debug|Any CPU.Build.0 = Debug|Any CPU
		{F2C3FA6C-2CF1-4905-A53E-F660D505212A}.Release|Any CPU.ActiveCfg = Release|Any CPU
		{F2C3FA6C-2CF1-4905-A53E-F660D505212A}.Release|Any CPU.Build.0 = Release|Any CPU
		{FBAFC5E2-E63D-47C2-B9FD-F54C997420BC}.Debug|Any CPU.ActiveCfg = Debug|Any CPU
		{FBAFC5E2-E63D-47C2-B9FD-F54C997420BC}.Debug|Any CPU.Build.0 = Debug|Any CPU
		{FBAFC5E2-E63D-47C2-B9FD-F54C997420BC}.Release|Any CPU.ActiveCfg = Release|Any CPU
		{FBAFC5E2-E63D-47C2-B9FD-F54C997420BC}.Release|Any CPU.Build.0 = Release|Any CPU
	EndGlobalSection
EndGlobal
