
Microsoft Visual Studio Solution File, Format Version 12.00
# Visual Studio 2013
VisualStudioVersion = 12.0.31101.0
MinimumVisualStudioVersion = 10.0.40219.1
Project("{FAE04EC0-301F-11D3-BF4B-00C04F79EFBC}") = "SpinnerWithCustomAdapter", "SpinnerWithCustomAdapter.csproj", "{8EB80ECE-B578-4531-B520-E250695C6055}"
EndProject
Global
	GlobalSection(SolutionConfigurationPlatforms) = preSolution
		Debug|Any CPU = Debug|Any CPU
		Release|Any CPU = Release|Any CPU
	EndGlobalSection
	GlobalSection(ProjectConfigurationPlatforms) = postSolution
		{8EB80ECE-B578-4531-B520-E250695C6055}.Debug|Any CPU.ActiveCfg = Debug|Any CPU
		{8EB80ECE-B578-4531-B520-E250695C6055}.Debug|Any CPU.Build.0 = Debug|Any CPU
		{8EB80ECE-B578-4531-B520-E250695C6055}.Debug|Any CPU.Deploy.0 = Debug|Any CPU
		{8EB80ECE-B578-4531-B520-E250695C6055}.Release|Any CPU.ActiveCfg = Release|Any CPU
		{8EB80ECE-B578-4531-B520-E250695C6055}.Release|Any CPU.Build.0 = Release|Any CPU
		{8EB80ECE-B578-4531-B520-E250695C6055}.Release|Any CPU.Deploy.0 = Release|Any CPU
	EndGlobalSection
	GlobalSection(SolutionProperties) = preSolution
		HideSolutionNode = FALSE
	EndGlobalSection
EndGlobal
