
Microsoft Visual Studio Solution File, Format Version 12.00
# Visual Studio 14
VisualStudioVersion = 14.0.23107.0
MinimumVisualStudioVersion = 10.0.40219.1
Project("{FAE04EC0-301F-11D3-BF4B-00C04F79EFBC}") = "FunWithMediaControls", "FunWithMediaControls\FunWithMediaControls.csproj", "{382DBAB8-AECA-43DB-BF03-CCFCADE63E20}"
EndProject
Project("{FAE04EC0-301F-11D3-BF4B-00C04F79EFBC}") = "FunWithMediaControls.UITests", "FunWithMediaControls.UITests\FunWithMediaControls.UITests.csproj", "{FD0F9AA2-051A-45EB-97FF-3F34DB393CB3}"
EndProject
Global
	GlobalSection(SolutionConfigurationPlatforms) = preSolution
		Debug|Any CPU = Debug|Any CPU
		Release|Any CPU = Release|Any CPU
	EndGlobalSection
	GlobalSection(ProjectConfigurationPlatforms) = postSolution
		{382DBAB8-AECA-43DB-BF03-CCFCADE63E20}.Debug|Any CPU.ActiveCfg = Debug|Any CPU
		{382DBAB8-AECA-43DB-BF03-CCFCADE63E20}.Debug|Any CPU.Build.0 = Debug|Any CPU
		{382DBAB8-AECA-43DB-BF03-CCFCADE63E20}.Debug|Any CPU.Deploy.0 = Debug|Any CPU
		{382DBAB8-AECA-43DB-BF03-CCFCADE63E20}.Release|Any CPU.ActiveCfg = Release|Any CPU
		{382DBAB8-AECA-43DB-BF03-CCFCADE63E20}.Release|Any CPU.Build.0 = Release|Any CPU
		{FD0F9AA2-051A-45EB-97FF-3F34DB393CB3}.Debug|Any CPU.ActiveCfg = Debug|Any CPU
		{FD0F9AA2-051A-45EB-97FF-3F34DB393CB3}.Debug|Any CPU.Build.0 = Debug|Any CPU
		{FD0F9AA2-051A-45EB-97FF-3F34DB393CB3}.Release|Any CPU.ActiveCfg = Release|Any CPU
		{FD0F9AA2-051A-45EB-97FF-3F34DB393CB3}.Release|Any CPU.Build.0 = Release|Any CPU
	EndGlobalSection
	GlobalSection(SolutionProperties) = preSolution
		HideSolutionNode = FALSE
	EndGlobalSection
EndGlobal
